"@foo/foo@^1.2.3, @foo/foo@^1.2.4":
  version "1.2.5"
  resolved "https://foo"
  integrity sha512-foo

"@bar/bar@^2.2.3, @bar/bar@2, @bar/bar@2.2, @bar/bar@*":
  version "2.2.5"
  resolved "https://bar"
  integrity sha512-bar

"@baz/baz@^3.2.3, @baz/baz@^3.2.4":
  version "3.2.5"
  resolved "https://baz"
  integrity sha512-baz